
Microsoft Visual Studio Solution File, Format Version 12.00
# Visual Studio Version 17
VisualStudioVersion = 17.10.35201.131
MinimumVisualStudioVersion = 10.0.40219.1
Project("{9A19103F-16F7-4668-BE54-9A1E7A4F7556}") = "SKILLS  TEST", "SKILLS  TEST\SKILLS  TEST.csproj", "{FA5E1ECC-FD25-4D7B-9332-966FE173623B}"
EndProject
Project("{FAE04EC0-301F-11D3-BF4B-00C04F79EFBC}") = "SKILLS_TEST_UnitTests", "SKILLS_TEST_UnitTests\SKILLS_TEST_UnitTests.csproj", "{7E760B12-EAB8-4029-90E4-56526E78D9C7}"
EndProject
Global
	GlobalSection(SolutionConfigurationPlatforms) = preSolution
		Debug|Any CPU = Debug|Any CPU
		Release|Any CPU = Release|Any CPU
	EndGlobalSection
	GlobalSection(ProjectConfigurationPlatforms) = postSolution
		{FA5E1ECC-FD25-4D7B-9332-966FE173623B}.Debug|Any CPU.ActiveCfg = Debug|Any CPU
		{FA5E1ECC-FD25-4D7B-9332-966FE173623B}.Debug|Any CPU.Build.0 = Debug|Any CPU
		{FA5E1ECC-FD25-4D7B-9332-966FE173623B}.Release|Any CPU.ActiveCfg = Release|Any CPU
		{FA5E1ECC-FD25-4D7B-9332-966FE173623B}.Release|Any CPU.Build.0 = Release|Any CPU
		{7E760B12-EAB8-4029-90E4-56526E78D9C7}.Debug|Any CPU.ActiveCfg = Debug|Any CPU
		{7E760B12-EAB8-4029-90E4-56526E78D9C7}.Debug|Any CPU.Build.0 = Debug|Any CPU
		{7E760B12-EAB8-4029-90E4-56526E78D9C7}.Release|Any CPU.ActiveCfg = Release|Any CPU
		{7E760B12-EAB8-4029-90E4-56526E78D9C7}.Release|Any CPU.Build.0 = Release|Any CPU
	EndGlobalSection
	GlobalSection(SolutionProperties) = preSolution
		HideSolutionNode = FALSE
	EndGlobalSection
	GlobalSection(ExtensibilityGlobals) = postSolution
		SolutionGuid = {E956B96E-5A97-4C87-909A-462A933040D2}
	EndGlobalSection
EndGlobal
